// !$*UTF8*$!
{
	archiveVersion = 1;
	classes = {
	};
	objectVersion = 46;
	objects = {

/* Begin PBXBuildFile section */
		07DFFC5C1B6D425E006368B7 /* AppDelegate.swift in Sources */ = {isa = PBXBuildFile; fileRef = 07DFFC5B1B6D425E006368B7 /* AppDelegate.swift */; };
		07DFFC5E1B6D425E006368B7 /* ViewController.swift in Sources */ = {isa = PBXBuildFile; fileRef = 07DFFC5D1B6D425E006368B7 /* ViewController.swift */; };
		07DFFC601B6D425E006368B7 /* Images.xcassets in Resources */ = {isa = PBXBuildFile; fileRef = 07DFFC5F1B6D425E006368B7 /* Images.xcassets */; };
		07DFFC631B6D425E006368B7 /* Main.storyboard in Resources */ = {isa = PBXBuildFile; fileRef = 07DFFC611B6D425E006368B7 /* Main.storyboard */; };
		07DFFC6F1B6D425E006368B7 /* SmickStudioTests.swift in Sources */ = {isa = PBXBuildFile; fileRef = 07DFFC6E1B6D425E006368B7 /* SmickStudioTests.swift */; };
/* End PBXBuildFile section */

/* Begin PBXContainerItemProxy section */
		07DFFC691B6D425E006368B7 /* PBXContainerItemProxy */ = {
			isa = PBXContainerItemProxy;
			containerPortal = 07DFFC4E1B6D425E006368B7 /* Project object */;
			proxyType = 1;
			remoteGlobalIDString = 07DFFC551B6D425E006368B7;
			remoteInfo = SmickStudio;
		};
/* End PBXContainerItemProxy section */

/* Begin PBXFileReference section */
		07DFFC561B6D425E006368B7 /* SmickStudio.app */ = {isa = PBXFileReference; explicitFileType = wrapper.application; includeInIndex = 0; path = SmickStudio.app; sourceTree = BUILT_PRODUCTS_DIR; };
		07DFFC5A1B6D425E006368B7 /* Info.plist */ = {isa = PBXFileReference; lastKnownFileType = text.plist.xml; path = Info.plist; sourceTree = "<group>"; };
		07DFFC5B1B6D425E006368B7 /* AppDelegate.swift */ = {isa = PBXFileReference; lastKnownFileType = sourcecode.swift; path = AppDelegate.swift; sourceTree = "<group>"; };
		07DFFC5D1B6D425E006368B7 /* ViewController.swift */ = {isa = PBXFileReference; lastKnownFileType = sourcecode.swift; path = ViewController.swift; sourceTree = "<group>"; };
		07DFFC5F1B6D425E006368B7 /* Images.xcassets */ = {isa = PBXFileReference; lastKnownFileType = folder.assetcatalog; path = Images.xcassets; sourceTree = "<group>"; };
		07DFFC621B6D425E006368B7 /* Base */ = {isa = PBXFileReference; lastKnownFileType = file.storyboard; name = Base; path = Base.lproj/Main.storyboard; sourceTree = "<group>"; };
		07DFFC681B6D425E006368B7 /* SmickStudioTests.xctest */ = {isa = PBXFileReference; explicitFileType = wrapper.cfbundle; includeInIndex = 0; path = SmickStudioTests.xctest; sourceTree = BUILT_PRODUCTS_DIR; };
		07DFFC6D1B6D425E006368B7 /* Info.plist */ = {isa = PBXFileReference; lastKnownFileType = text.plist.xml; path = Info.plist; sourceTree = "<group>"; };
		07DFFC6E1B6D425E006368B7 /* SmickStudioTests.swift */ = {isa = PBXFileReference; lastKnownFileType = sourcecode.swift; path = SmickStudioTests.swift; sourceTree = "<group>"; };
/* End PBXFileReference section */

/* Begin PBXFrameworksBuildPhase section */
		07DFFC531B6D425E006368B7 /* Frameworks */ = {
			isa = PBXFrameworksBuildPhase;
			buildActionMask = 2147483647;
			files = (
			);
			runOnlyForDeploymentPostprocessing = 0;
		};
		07DFFC651B6D425E006368B7 /* Frameworks */ = {
			isa = PBXFrameworksBuildPhase;
			buildActionMask = 2147483647;
			files = (
			);
			runOnlyForDeploymentPostprocessing = 0;
		};
/* End PBXFrameworksBuildPhase section */

/* Begin PBXGroup section */
		07DFFC4D1B6D425E006368B7 = {
			isa = PBXGroup;
			children = (
				07DFFC581B6D425E006368B7 /* SmickStudio */,
				07DFFC6B1B6D425E006368B7 /* SmickStudioTests */,
				07DFFC571B6D425E006368B7 /* Products */,
			);
			sourceTree = "<group>";
		};
		07DFFC571B6D425E006368B7 /* Products */ = {
			isa = PBXGroup;
			children = (
				07DFFC561B6D425E006368B7 /* SmickStudio.app */,
				07DFFC681B6D425E006368B7 /* SmickStudioTests.xctest */,
			);
			name = Products;
			sourceTree = "<group>";
		};
		07DFFC581B6D425E006368B7 /* SmickStudio */ = {
			isa = PBXGroup;
			children = (
				07DFFC5B1B6D425E006368B7 /* AppDelegate.swift */,
				07DFFC5D1B6D425E006368B7 /* ViewController.swift */,
				07DFFC5F1B6D425E006368B7 /* Images.xcassets */,
				07DFFC611B6D425E006368B7 /* Main.storyboard */,
				07DFFC591B6D425E006368B7 /* Supporting Files */,
			);
			path = SmickStudio;
			sourceTree = "<group>";
		};
		07DFFC591B6D425E006368B7 /* Supporting Files */ = {
			isa = PBXGroup;
			children = (
				07DFFC5A1B6D425E006368B7 /* Info.plist */,
			);
			name = "Supporting Files";
			sourceTree = "<group>";
		};
		07DFFC6B1B6D425E006368B7 /* SmickStudioTests */ = {
			isa = PBXGroup;
			children = (
				07DFFC6E1B6D425E006368B7 /* SmickStudioTests.swift */,
				07DFFC6C1B6D425E006368B7 /* Supporting Files */,
			);
			path = SmickStudioTests;
			sourceTree = "<group>";
		};
		07DFFC6C1B6D425E006368B7 /* Supporting Files */ = {
			isa = PBXGroup;
			children = (
				07DFFC6D1B6D425E006368B7 /* Info.plist */,
			);
			name = "Supporting Files";
			sourceTree = "<group>";
		};
/* End PBXGroup section */

/* Begin PBXNativeTarget section */
		07DFFC551B6D425E006368B7 /* SmickStudio */ = {
			isa = PBXNativeTarget;
			buildConfigurationList = 07DFFC721B6D425E006368B7 /* Build configuration list for PBXNativeTarget "SmickStudio" */;
			buildPhases = (
				07DFFC521B6D425E006368B7 /* Sources */,
				07DFFC531B6D425E006368B7 /* Frameworks */,
				07DFFC541B6D425E006368B7 /* Resources */,
			);
			buildRules = (
			);
			dependencies = (
			);
			name = SmickStudio;
			productName = SmickStudio;
			productReference = 07DFFC561B6D425E006368B7 /* SmickStudio.app */;
			productType = "com.apple.product-type.application";
		};
		07DFFC671B6D425E006368B7 /* SmickStudioTests */ = {
			isa = PBXNativeTarget;
			buildConfigurationList = 07DFFC751B6D425E006368B7 /* Build configuration list for PBXNativeTarget "SmickStudioTests" */;
			buildPhases = (
				07DFFC641B6D425E006368B7 /* Sources */,
				07DFFC651B6D425E006368B7 /* Frameworks */,
				07DFFC661B6D425E006368B7 /* Resources */,
			);
			buildRules = (
			);
			dependencies = (
				07DFFC6A1B6D425E006368B7 /* PBXTargetDependency */,
			);
			name = SmickStudioTests;
			productName = SmickStudioTests;
			productReference = 07DFFC681B6D425E006368B7 /* SmickStudioTests.xctest */;
			productType = "com.apple.product-type.bundle.unit-test";
		};
/* End PBXNativeTarget section */

/* Begin PBXProject section */
		07DFFC4E1B6D425E006368B7 /* Project object */ = {
			isa = PBXProject;
			attributes = {
				LastUpgradeCheck = 0640;
				ORGANIZATIONNAME = "Omar Qazi";
				TargetAttributes = {
					07DFFC551B6D425E006368B7 = {
						CreatedOnToolsVersion = 6.4;
					};
					07DFFC671B6D425E006368B7 = {
						CreatedOnToolsVersion = 6.4;
						TestTargetID = 07DFFC551B6D425E006368B7;
					};
				};
			};
			buildConfigurationList = 07DFFC511B6D425E006368B7 /* Build configuration list for PBXProject "SmickStudio" */;
			compatibilityVersion = "Xcode 3.2";
			developmentRegion = English;
			hasScannedForEncodings = 0;
			knownRegions = (
				en,
				Base,
			);
			mainGroup = 07DFFC4D1B6D425E006368B7;
			productRefGroup = 07DFFC571B6D425E006368B7 /* Products */;
			projectDirPath = "";
			projectRoot = "";
			targets = (
				07DFFC551B6D425E006368B7 /* SmickStudio */,
				07DFFC671B6D425E006368B7 /* SmickStudioTests */,
			);
		};
/* End PBXProject section */

/* Begin PBXResourcesBuildPhase section */
		07DFFC541B6D425E006368B7 /* Resources */ = {
			isa = PBXResourcesBuildPhase;
			buildActionMask = 2147483647;
			files = (
				07DFFC601B6D425E006368B7 /* Images.xcassets in Resources */,
				07DFFC631B6D425E006368B7 /* Main.storyboard in Resources */,
			);
			runOnlyForDeploymentPostprocessing = 0;
		};
		07DFFC661B6D425E006368B7 /* Resources */ = {
			isa = PBXResourcesBuildPhase;
			buildActionMask = 2147483647;
			files = (
			);
			runOnlyForDeploymentPostprocessing = 0;
		};
/* End PBXResourcesBuildPhase section */

/* Begin PBXSourcesBuildPhase section */
		07DFFC521B6D425E006368B7 /* Sources */ = {
			isa = PBXSourcesBuildPhase;
			buildActionMask = 2147483647;
			files = (
				07DFFC5E1B6D425E006368B7 /* ViewController.swift in Sources */,
				07DFFC5C1B6D425E006368B7 /* AppDelegate.swift in Sources */,
			);
			runOnlyForDeploymentPostprocessing = 0;
		};
		07DFFC641B6D425E006368B7 /* Sources */ = {
			isa = PBXSourcesBuildPhase;
			buildActionMask = 2147483647;
			files = (
				07DFFC6F1B6D425E006368B7 /* SmickStudioTests.swift in Sources */,
			);
			runOnlyForDeploymentPostprocessing = 0;
		};
/* End PBXSourcesBuildPhase section */

/* Begin PBXTargetDependency section */
		07DFFC6A1B6D425E006368B7 /* PBXTargetDependency */ = {
			isa = PBXTargetDependency;
			target = 07DFFC551B6D425E006368B7 /* SmickStudio */;
			targetProxy = 07DFFC691B6D425E006368B7 /* PBXContainerItemProxy */;
		};
/* End PBXTargetDependency section */

/* Begin PBXVariantGroup section */
		07DFFC611B6D425E006368B7 /* Main.storyboard */ = {
			isa = PBXVariantGroup;
			children = (
				07DFFC621B6D425E006368B7 /* Base */,
			);
			name = Main.storyboard;
			sourceTree = "<group>";
		};
/* End PBXVariantGroup section */

/* Begin XCBuildConfiguration section */
		07DFFC701B6D425E006368B7 /* Debug */ = {
			isa = XCBuildConfiguration;
			buildSettings = {
				ALWAYS_SEARCH_USER_PATHS = NO;
				CLANG_CXX_LANGUAGE_STANDARD = "gnu++0x";
				CLANG_CXX_LIBRARY = "libc++";
				CLANG_ENABLE_MODULES = YES;
				CLANG_ENABLE_OBJC_ARC = YES;
				CLANG_WARN_BOOL_CONVERSION = YES;
				CLANG_WARN_CONSTANT_CONVERSION = YES;
				CLANG_WARN_DIRECT_OBJC_ISA_USAGE = YES_ERROR;
				CLANG_WARN_EMPTY_BODY = YES;
				CLANG_WARN_ENUM_CONVERSION = YES;
				CLANG_WARN_INT_CONVERSION = YES;
				CLANG_WARN_OBJC_ROOT_CLASS = YES_ERROR;
				CLANG_WARN_UNREACHABLE_CODE = YES;
				CLANG_WARN__DUPLICATE_METHOD_MATCH = YES;
				CODE_SIGN_IDENTITY = "-";
				COPY_PHASE_STRIP = NO;
				DEBUG_INFORMATION_FORMAT = dwarf;
				ENABLE_STRICT_OBJC_MSGSEND = YES;
				GCC_C_LANGUAGE_STANDARD = gnu99;
				GCC_DYNAMIC_NO_PIC = NO;
				GCC_NO_COMMON_BLOCKS = YES;
				GCC_OPTIMIZATION_LEVEL = 0;
				GCC_PREPROCESSOR_DEFINITIONS = (
					"DEBUG=1",
					"$(inherited)",
				);
				GCC_SYMBOLS_PRIVATE_EXTERN = NO;
				GCC_WARN_64_TO_32_BIT_CONVERSION = YES;
				GCC_WARN_ABOUT_RETURN_TYPE = YES_ERROR;
				GCC_WARN_UNDECLARED_SELECTOR = YES;
				GCC_WARN_UNINITIALIZED_AUTOS = YES_AGGRESSIVE;
				GCC_WARN_UNUSED_FUNCTION = YES;
				GCC_WARN_UNUSED_VARIABLE = YES;
				MACOSX_DEPLOYMENT_TARGET = 10.10;
				MTL_ENABLE_DEBUG_INFO = YES;
				ONLY_ACTIVE_ARCH = YES;
				SDKROOT = macosx;
				SWIFT_OPTIMIZATION_LEVEL = "-Onone";
			};
			name = Debug;
		};
		07DFFC711B6D425E006368B7 /* Release */ = {
			isa = XCBuildConfiguration;
			buildSettings = {
				ALWAYS_SEARCH_USER_PATHS = NO;
				CLANG_CXX_LANGUAGE_STANDARD = "gnu++0x";
				CLANG_CXX_LIBRARY = "libc++";
				CLANG_ENABLE_MODULES = YES;
				CLANG_ENABLE_OBJC_ARC = YES;
				CLANG_WARN_BOOL_CONVERSION = YES;
				CLANG_WARN_CONSTANT_CONVERSION = YES;
				CLANG_WARN_DIRECT_OBJC_ISA_USAGE = YES_ERROR;
				CLANG_WARN_EMPTY_BODY = YES;
				CLANG_WARN_ENUM_CONVERSION = YES;
				CLANG_WARN_INT_CONVERSION = YES;
				CLANG_WARN_OBJC_ROOT_CLASS = YES_ERROR;
				CLANG_WARN_UNREACHABLE_CODE = YES;
				CLANG_WARN__DUPLICATE_METHOD_MATCH = YES;
				CODE_SIGN_IDENTITY = "-";
				COPY_PHASE_STRIP = NO;
				DEBUG_INFORMATION_FORMAT = "dwarf-with-dsym";
				ENABLE_NS_ASSERTIONS = NO;
				ENABLE_STRICT_OBJC_MSGSEND = YES;
				GCC_C_LANGUAGE_STANDARD = gnu99;
				GCC_NO_COMMON_BLOCKS = YES;
				GCC_WARN_64_TO_32_BIT_CONVERSION = YES;
				GCC_WARN_ABOUT_RETURN_TYPE = YES_ERROR;
				GCC_WARN_UNDECLARED_SELECTOR = YES;
				GCC_WARN_UNINITIALIZED_AUTOS = YES_AGGRESSIVE;
				GCC_WARN_UNUSED_FUNCTION = YES;
				GCC_WARN_UNUSED_VARIABLE = YES;
				MACOSX_DEPLOYMENT_TARGET = 10.10;
				MTL_ENABLE_DEBUG_INFO = NO;
				SDKROOT = macosx;
			};
			name = Release;
		};
		07DFFC731B6D425E006368B7 /* Debug */ = {
			isa = XCBuildConfiguration;
			buildSettings = {
				ASSETCATALOG_COMPILER_APPICON_NAME = AppIcon;
				COMBINE_HIDPI_IMAGES = YES;
				INFOPLIST_FILE = SmickStudio/Info.plist;
				LD_RUNPATH_SEARCH_PATHS = "$(inherited) @executable_path/../Frameworks";
				PRODUCT_NAME = "$(TARGET_NAME)";
			};
			name = Debug;
		};
		07DFFC741B6D425E006368B7 /* Release */ = {
			isa = XCBuildConfiguration;
			buildSettings = {
				ASSETCATALOG_COMPILER_APPICON_NAME = AppIcon;
				COMBINE_HIDPI_IMAGES = YES;
				INFOPLIST_FILE = SmickStudio/Info.plist;
				LD_RUNPATH_SEARCH_PATHS = "$(inherited) @executable_path/../Frameworks";
				PRODUCT_NAME = "$(TARGET_NAME)";
			};
			name = Release;
		};
		07DFFC761B6D425E006368B7 /* Debug */ = {
			isa = XCBuildConfiguration;
			buildSettings = {
				BUNDLE_LOADER = "$(TEST_HOST)";
				COMBINE_HIDPI_IMAGES = YES;
				FRAMEWORK_SEARCH_PATHS = (
					"$(DEVELOPER_FRAMEWORKS_DIR)",
					"$(inherited)",
				);
				GCC_PREPROCESSOR_DEFINITIONS = (
					"DEBUG=1",
					"$(inherited)",
				);
				INFOPLIST_FILE = SmickStudioTests/Info.plist;
				LD_RUNPATH_SEARCH_PATHS = "$(inherited) @executable_path/../Frameworks @loader_path/../Frameworks";
				PRODUCT_NAME = "$(TARGET_NAME)";
				TEST_HOST = "$(BUILT_PRODUCTS_DIR)/SmickStudio.app/Contents/MacOS/SmickStudio";
			};
			name = Debug;
		};
		07DFFC771B6D425E006368B7 /* Release */ = {
			isa = XCBuildConfiguration;
			buildSettings = {
				BUNDLE_LOADER = "$(TEST_HOST)";
				COMBINE_HIDPI_IMAGES = YES;
				FRAMEWORK_SEARCH_PATHS = (
					"$(DEVELOPER_FRAMEWORKS_DIR)",
					"$(inherited)",
				);
				INFOPLIST_FILE = SmickStudioTests/Info.plist;
				LD_RUNPATH_SEARCH_PATHS = "$(inherited) @executable_path/../Frameworks @loader_path/../Frameworks";
				PRODUCT_NAME = "$(TARGET_NAME)";
				TEST_HOST = "$(BUILT_PRODUCTS_DIR)/SmickStudio.app/Contents/MacOS/SmickStudio";
			};
			name = Release;
		};
/* End XCBuildConfiguration section */

/* Begin XCConfigurationList section */
		07DFFC511B6D425E006368B7 /* Build configuration list for PBXProject "SmickStudio" */ = {
			isa = XCConfigurationList;
			buildConfigurations = (
				07DFFC701B6D425E006368B7 /* Debug */,
				07DFFC711B6D425E006368B7 /* Release */,
			);
			defaultConfigurationIsVisible = 0;
			defaultConfigurationName = Release;
		};
		07DFFC721B6D425E006368B7 /* Build configuration list for PBXNativeTarget "SmickStudio" */ = {
			isa = XCConfigurationList;
			buildConfigurations = (
				07DFFC731B6D425E006368B7 /* Debug */,
				07DFFC741B6D425E006368B7 /* Release */,
			);
			defaultConfigurationIsVisible = 0;
		};
		07DFFC751B6D425E006368B7 /* Build configuration list for PBXNativeTarget "SmickStudioTests" */ = {
			isa = XCConfigurationList;
			buildConfigurations = (
				07DFFC761B6D425E006368B7 /* Debug */,
				07DFFC771B6D425E006368B7 /* Release */,
			);
			defaultConfigurationIsVisible = 0;
		};
/* End XCConfigurationList section */
	};
	rootObject = 07DFFC4E1B6D425E006368B7 /* Project object */;
}
